
Microsoft Visual Studio Solution File, Format Version 12.00
# Visual Studio Version 17
VisualStudioVersion = 17.14.36414.22 d17.14
MinimumVisualStudioVersion = 10.0.40219.1
Project("{FAE04EC0-301F-11D3-BF4B-00C04F79EFBC}") = "Aprendendo_a_Contar", "Aprendendo_a_Contar\Aprendendo_a_Contar.csproj", "{1C260197-1543-4237-BA14-85F49C621BB6}"
EndProject
Global
	GlobalSection(SolutionConfigurationPlatforms) = preSolution
		Debug|Any CPU = Debug|Any CPU
		Release|Any CPU = Release|Any CPU
	EndGlobalSection
	GlobalSection(ProjectConfigurationPlatforms) = postSolution
		{1C260197-1543-4237-BA14-85F49C621BB6}.Debug|Any CPU.ActiveCfg = Debug|Any CPU
		{1C260197-1543-4237-BA14-85F49C621BB6}.Debug|Any CPU.Build.0 = Debug|Any CPU
		{1C260197-1543-4237-BA14-85F49C621BB6}.Release|Any CPU.ActiveCfg = Release|Any CPU
		{1C260197-1543-4237-BA14-85F49C621BB6}.Release|Any CPU.Build.0 = Release|Any CPU
	EndGlobalSection
	GlobalSection(SolutionProperties) = preSolution
		HideSolutionNode = FALSE
	EndGlobalSection
	GlobalSection(ExtensibilityGlobals) = postSolution
		SolutionGuid = {F4D279A3-08BC-4649-B02F-1A2406313EE0}
	EndGlobalSection
EndGlobal
